
Microsoft Visual Studio Solution File, Format Version 12.00
# Visual Studio Version 16
VisualStudioVersion = 16.0.30128.74
MinimumVisualStudioVersion = 10.0.40219.1
Project("{FAE04EC0-301F-11D3-BF4B-00C04F79EFBC}") = "TrackerLibrary", "TrackerLibrary\TrackerLibrary.csproj", "{F1FACBEC-7D7D-407B-86B0-D713B7A10811}"
EndProject
Global
	GlobalSection(SolutionConfigurationPlatforms) = preSolution
		Debug|Any CPU = Debug|Any CPU
		Release|Any CPU = Release|Any CPU
	EndGlobalSection
	GlobalSection(ProjectConfigurationPlatforms) = postSolution
		{F1FACBEC-7D7D-407B-86B0-D713B7A10811}.Debug|Any CPU.ActiveCfg = Debug|Any CPU
		{F1FACBEC-7D7D-407B-86B0-D713B7A10811}.Debug|Any CPU.Build.0 = Debug|Any CPU
		{F1FACBEC-7D7D-407B-86B0-D713B7A10811}.Release|Any CPU.ActiveCfg = Release|Any CPU
		{F1FACBEC-7D7D-407B-86B0-D713B7A10811}.Release|Any CPU.Build.0 = Release|Any CPU
	EndGlobalSection
	GlobalSection(SolutionProperties) = preSolution
		HideSolutionNode = FALSE
	EndGlobalSection
	GlobalSection(ExtensibilityGlobals) = postSolution
		SolutionGuid = {932270B1-1C6B-4E56-9EB3-1C97ABDA3FBA}
	EndGlobalSection
EndGlobal
